
Microsoft Visual Studio Solution File, Format Version 12.00
# Visual Studio Version 17
VisualStudioVersion = 17.8.34511.84
MinimumVisualStudioVersion = 10.0.40219.1
Project("{FAE04EC0-301F-11D3-BF4B-00C04F79EFBC}") = "AbdullahErolEticaret", "AbdullahErolEticaret\AbdullahErolEticaret.csproj", "{E45A9657-8C09-444C-A710-FC50B08E43CA}"
EndProject
Global
	GlobalSection(SolutionConfigurationPlatforms) = preSolution
		Debug|Any CPU = Debug|Any CPU
		Release|Any CPU = Release|Any CPU
	EndGlobalSection
	GlobalSection(ProjectConfigurationPlatforms) = postSolution
		{E45A9657-8C09-444C-A710-FC50B08E43CA}.Debug|Any CPU.ActiveCfg = Debug|Any CPU
		{E45A9657-8C09-444C-A710-FC50B08E43CA}.Debug|Any CPU.Build.0 = Debug|Any CPU
		{E45A9657-8C09-444C-A710-FC50B08E43CA}.Release|Any CPU.ActiveCfg = Release|Any CPU
		{E45A9657-8C09-444C-A710-FC50B08E43CA}.Release|Any CPU.Build.0 = Release|Any CPU
	EndGlobalSection
	GlobalSection(SolutionProperties) = preSolution
		HideSolutionNode = FALSE
	EndGlobalSection
	GlobalSection(ExtensibilityGlobals) = postSolution
		SolutionGuid = {F757C041-C37C-4924-A3E3-0E462FCD8942}
	EndGlobalSection
EndGlobal
